
Microsoft Visual Studio Solution File, Format Version 12.00
# Visual Studio Version 17
VisualStudioVersion = 17.12.35506.116
MinimumVisualStudioVersion = 10.0.40219.1
Project("{FAE04EC0-301F-11D3-BF4B-00C04F79EFBC}") = "Solutions.Tests", "Solutions.Tests\Solutions.Tests.csproj", "{EED85310-581D-4A49-B95E-D80E0B3CFF00}"
EndProject
Project("{2150E333-8FDC-42A3-9474-1A3956D46DE8}") = "Solutions", "Solutions", "{2D7D0B8F-6A5B-4312-8555-53D7D857E2E4}"
EndProject
Project("{2150E333-8FDC-42A3-9474-1A3956D46DE8}") = "2024", "2024", "{368A6E44-E9FF-468E-A485-F747C0EBB3DD}"
EndProject
Project("{2150E333-8FDC-42A3-9474-1A3956D46DE8}") = "CSharp", "CSharp", "{CD2499F6-7730-46C5-B4B3-BEC648319055}"
EndProject
Project("{FAE04EC0-301F-11D3-BF4B-00C04F79EFBC}") = "Day01HistorianHysteria", "Solutions\2024\CSharp\Day01HistorianHysteria\Day01HistorianHysteria.csproj", "{FD1A75EE-FD85-4E27-B898-8628EBDEC600}"
EndProject
Project("{FAE04EC0-301F-11D3-BF4B-00C04F79EFBC}") = "Day02RedNosedReports", "Solutions\2024\CSharp\Day02RedNosedReports\Day02RedNosedReports.csproj", "{88E8E5B1-7AB2-4290-8309-00475B857435}"
EndProject
Project("{FAE04EC0-301F-11D3-BF4B-00C04F79EFBC}") = "Day03MullItOver", "Solutions\2024\CSharp\Day03MullItOver\Day03MullItOver.csproj", "{39B75882-9CA2-4A1D-A8D3-6C959A9CE604}"
EndProject
Project("{FAE04EC0-301F-11D3-BF4B-00C04F79EFBC}") = "Day04CeresSearch", "Solutions\2024\CSharp\Day04CeresSearch\Day04CeresSearch.csproj", "{F364F5AE-818E-43AE-BBBB-3B27FAFA8D15}"
EndProject
Project("{FAE04EC0-301F-11D3-BF4B-00C04F79EFBC}") = "Day05PrintQueue", "Solutions\2024\CSharp\Day05PrintQueue\Day05PrintQueue.csproj", "{6F31025D-6144-4F8C-95BC-73FEB5C74978}"
EndProject
Project("{FAE04EC0-301F-11D3-BF4B-00C04F79EFBC}") = "Day06GuardGallivant", "Solutions\2024\CSharp\Day06GuardGallivant\Day06GuardGallivant.csproj", "{A517A9D3-C983-4249-B99B-FFAD0CE4CDB9}"
EndProject
Project("{FAE04EC0-301F-11D3-BF4B-00C04F79EFBC}") = "Day07BridgeRepair", "Solutions\2024\CSharp\Day07BridgeRepair\Day07BridgeRepair.csproj", "{FDF311C8-7CE9-4FCB-A440-AF4AD8DEAE9F}"
EndProject
Project("{FAE04EC0-301F-11D3-BF4B-00C04F79EFBC}") = "Day08ResonantCollinearity", "Solutions\2024\CSharp\Day08ResonantCollinearity\Day08ResonantCollinearity.csproj", "{CE21E758-6901-4562-A084-BA3D2AB7DE95}"
EndProject
Project("{FAE04EC0-301F-11D3-BF4B-00C04F79EFBC}") = "Day09DiskFragmenter", "Solutions\2024\CSharp\Day09DiskFragmenter\Day09DiskFragmenter.csproj", "{C1AC956A-D79A-4332-B992-0C143B6D2B98}"
EndProject
Project("{FAE04EC0-301F-11D3-BF4B-00C04F79EFBC}") = "Solutions", "Solutions\Solution\Solutions.csproj", "{4348538B-D2B4-4068-B7CD-2D158CB282C8}"
EndProject
Global
	GlobalSection(SolutionConfigurationPlatforms) = preSolution
		Debug|Any CPU = Debug|Any CPU
		Release|Any CPU = Release|Any CPU
	EndGlobalSection
	GlobalSection(ProjectConfigurationPlatforms) = postSolution
		{EED85310-581D-4A49-B95E-D80E0B3CFF00}.Debug|Any CPU.ActiveCfg = Debug|Any CPU
		{EED85310-581D-4A49-B95E-D80E0B3CFF00}.Debug|Any CPU.Build.0 = Debug|Any CPU
		{EED85310-581D-4A49-B95E-D80E0B3CFF00}.Release|Any CPU.ActiveCfg = Release|Any CPU
		{EED85310-581D-4A49-B95E-D80E0B3CFF00}.Release|Any CPU.Build.0 = Release|Any CPU
		{FD1A75EE-FD85-4E27-B898-8628EBDEC600}.Debug|Any CPU.ActiveCfg = Debug|Any CPU
		{FD1A75EE-FD85-4E27-B898-8628EBDEC600}.Debug|Any CPU.Build.0 = Debug|Any CPU
		{FD1A75EE-FD85-4E27-B898-8628EBDEC600}.Release|Any CPU.ActiveCfg = Release|Any CPU
		{FD1A75EE-FD85-4E27-B898-8628EBDEC600}.Release|Any CPU.Build.0 = Release|Any CPU
		{88E8E5B1-7AB2-4290-8309-00475B857435}.Debug|Any CPU.ActiveCfg = Debug|Any CPU
		{88E8E5B1-7AB2-4290-8309-00475B857435}.Debug|Any CPU.Build.0 = Debug|Any CPU
		{88E8E5B1-7AB2-4290-8309-00475B857435}.Release|Any CPU.ActiveCfg = Release|Any CPU
		{88E8E5B1-7AB2-4290-8309-00475B857435}.Release|Any CPU.Build.0 = Release|Any CPU
		{39B75882-9CA2-4A1D-A8D3-6C959A9CE604}.Debug|Any CPU.ActiveCfg = Debug|Any CPU
		{39B75882-9CA2-4A1D-A8D3-6C959A9CE604}.Debug|Any CPU.Build.0 = Debug|Any CPU
		{39B75882-9CA2-4A1D-A8D3-6C959A9CE604}.Release|Any CPU.ActiveCfg = Release|Any CPU
		{39B75882-9CA2-4A1D-A8D3-6C959A9CE604}.Release|Any CPU.Build.0 = Release|Any CPU
		{F364F5AE-818E-43AE-BBBB-3B27FAFA8D15}.Debug|Any CPU.ActiveCfg = Debug|Any CPU
		{F364F5AE-818E-43AE-BBBB-3B27FAFA8D15}.Debug|Any CPU.Build.0 = Debug|Any CPU
		{F364F5AE-818E-43AE-BBBB-3B27FAFA8D15}.Release|Any CPU.ActiveCfg = Release|Any CPU
		{F364F5AE-818E-43AE-BBBB-3B27FAFA8D15}.Release|Any CPU.Build.0 = Release|Any CPU
		{6F31025D-6144-4F8C-95BC-73FEB5C74978}.Debug|Any CPU.ActiveCfg = Debug|Any CPU
		{6F31025D-6144-4F8C-95BC-73FEB5C74978}.Debug|Any CPU.Build.0 = Debug|Any CPU
		{6F31025D-6144-4F8C-95BC-73FEB5C74978}.Release|Any CPU.ActiveCfg = Release|Any CPU
		{6F31025D-6144-4F8C-95BC-73FEB5C74978}.Release|Any CPU.Build.0 = Release|Any CPU
		{A517A9D3-C983-4249-B99B-FFAD0CE4CDB9}.Debug|Any CPU.ActiveCfg = Debug|Any CPU
		{A517A9D3-C983-4249-B99B-FFAD0CE4CDB9}.Debug|Any CPU.Build.0 = Debug|Any CPU
		{A517A9D3-C983-4249-B99B-FFAD0CE4CDB9}.Release|Any CPU.ActiveCfg = Release|Any CPU
		{A517A9D3-C983-4249-B99B-FFAD0CE4CDB9}.Release|Any CPU.Build.0 = Release|Any CPU
		{FDF311C8-7CE9-4FCB-A440-AF4AD8DEAE9F}.Debug|Any CPU.ActiveCfg = Debug|Any CPU
		{FDF311C8-7CE9-4FCB-A440-AF4AD8DEAE9F}.Debug|Any CPU.Build.0 = Debug|Any CPU
		{FDF311C8-7CE9-4FCB-A440-AF4AD8DEAE9F}.Release|Any CPU.ActiveCfg = Release|Any CPU
		{FDF311C8-7CE9-4FCB-A440-AF4AD8DEAE9F}.Release|Any CPU.Build.0 = Release|Any CPU
		{CE21E758-6901-4562-A084-BA3D2AB7DE95}.Debug|Any CPU.ActiveCfg = Debug|Any CPU
		{CE21E758-6901-4562-A084-BA3D2AB7DE95}.Debug|Any CPU.Build.0 = Debug|Any CPU
		{CE21E758-6901-4562-A084-BA3D2AB7DE95}.Release|Any CPU.ActiveCfg = Release|Any CPU
		{CE21E758-6901-4562-A084-BA3D2AB7DE95}.Release|Any CPU.Build.0 = Release|Any CPU
		{C1AC956A-D79A-4332-B992-0C143B6D2B98}.Debug|Any CPU.ActiveCfg = Debug|Any CPU
		{C1AC956A-D79A-4332-B992-0C143B6D2B98}.Debug|Any CPU.Build.0 = Debug|Any CPU
		{C1AC956A-D79A-4332-B992-0C143B6D2B98}.Release|Any CPU.ActiveCfg = Release|Any CPU
		{C1AC956A-D79A-4332-B992-0C143B6D2B98}.Release|Any CPU.Build.0 = Release|Any CPU
		{4348538B-D2B4-4068-B7CD-2D158CB282C8}.Debug|Any CPU.ActiveCfg = Debug|Any CPU
		{4348538B-D2B4-4068-B7CD-2D158CB282C8}.Debug|Any CPU.Build.0 = Debug|Any CPU
		{4348538B-D2B4-4068-B7CD-2D158CB282C8}.Release|Any CPU.ActiveCfg = Release|Any CPU
		{4348538B-D2B4-4068-B7CD-2D158CB282C8}.Release|Any CPU.Build.0 = Release|Any CPU
	EndGlobalSection
	GlobalSection(SolutionProperties) = preSolution
		HideSolutionNode = FALSE
	EndGlobalSection
	GlobalSection(NestedProjects) = preSolution
		{368A6E44-E9FF-468E-A485-F747C0EBB3DD} = {2D7D0B8F-6A5B-4312-8555-53D7D857E2E4}
		{CD2499F6-7730-46C5-B4B3-BEC648319055} = {368A6E44-E9FF-468E-A485-F747C0EBB3DD}
		{FD1A75EE-FD85-4E27-B898-8628EBDEC600} = {CD2499F6-7730-46C5-B4B3-BEC648319055}
		{88E8E5B1-7AB2-4290-8309-00475B857435} = {CD2499F6-7730-46C5-B4B3-BEC648319055}
		{39B75882-9CA2-4A1D-A8D3-6C959A9CE604} = {CD2499F6-7730-46C5-B4B3-BEC648319055}
		{F364F5AE-818E-43AE-BBBB-3B27FAFA8D15} = {CD2499F6-7730-46C5-B4B3-BEC648319055}
		{6F31025D-6144-4F8C-95BC-73FEB5C74978} = {CD2499F6-7730-46C5-B4B3-BEC648319055}
		{A517A9D3-C983-4249-B99B-FFAD0CE4CDB9} = {CD2499F6-7730-46C5-B4B3-BEC648319055}
		{FDF311C8-7CE9-4FCB-A440-AF4AD8DEAE9F} = {CD2499F6-7730-46C5-B4B3-BEC648319055}
		{CE21E758-6901-4562-A084-BA3D2AB7DE95} = {CD2499F6-7730-46C5-B4B3-BEC648319055}
		{C1AC956A-D79A-4332-B992-0C143B6D2B98} = {CD2499F6-7730-46C5-B4B3-BEC648319055}
		{4348538B-D2B4-4068-B7CD-2D158CB282C8} = {2D7D0B8F-6A5B-4312-8555-53D7D857E2E4}
	EndGlobalSection
EndGlobal
